{
  "version": "5",
  "specifiers": {
    "jsr:@hono/hono@4.13.7": "4.13.7",
    "npm:zod@4.5.4": "4.5.4"
  },
  "jsr": {
    "@hono/hono@4.13.7": {
      "integrity": "90f83307462b2dd47c9a8028cf5e4827abedc74a53fd291a49130f1579fdcd79"
    }
  },
  "npm": {
    "zod@4.5.4": {
      "integrity": "sha512-sC95tT5iHHH9gtpj6A81kh+NEaRAUFN+qlUPDUbRfOMvNf5QCBqsb3WgvnpVtK5Y+4UfA6KqufotuTvMGiTlsA=="
    }
  },
  "workspace": {
    "members": {
      "packages/console": {
        "dependencies": [
          "jsr:@hono/hono@4.13.7"
        ]
      },
      "packages/core": {
        "dependencies": [
          "npm:zod@4.5.4"
        ]
      }
    }
  }
}
